
Microsoft Visual Studio Solution File, Format Version 12.00
# Visual Studio Version 16
VisualStudioVersion = 16.0.33801.447
MinimumVisualStudioVersion = 10.0.40219.1
Project("{FAE04EC0-301F-11D3-BF4B-00C04F79EFBC}") = "PatternStrategy", "PatternStrategy\PatternStrategy.csproj", "{43B4397C-44E5-4AE2-9E45-F56AC93B364F}"
EndProject
Global
	GlobalSection(SolutionConfigurationPlatforms) = preSolution
		Debug|Any CPU = Debug|Any CPU
		Release|Any CPU = Release|Any CPU
	EndGlobalSection
	GlobalSection(ProjectConfigurationPlatforms) = postSolution
		{43B4397C-44E5-4AE2-9E45-F56AC93B364F}.Debug|Any CPU.ActiveCfg = Debug|Any CPU
		{43B4397C-44E5-4AE2-9E45-F56AC93B364F}.Debug|Any CPU.Build.0 = Debug|Any CPU
		{43B4397C-44E5-4AE2-9E45-F56AC93B364F}.Release|Any CPU.ActiveCfg = Release|Any CPU
		{43B4397C-44E5-4AE2-9E45-F56AC93B364F}.Release|Any CPU.Build.0 = Release|Any CPU
	EndGlobalSection
	GlobalSection(SolutionProperties) = preSolution
		HideSolutionNode = FALSE
	EndGlobalSection
	GlobalSection(ExtensibilityGlobals) = postSolution
		SolutionGuid = {E093A680-6AF2-4467-9D83-84E81A0F36F1}
	EndGlobalSection
EndGlobal
